
Microsoft Visual Studio Solution File, Format Version 12.00
# Visual Studio Version 16
VisualStudioVersion = 16.0.31729.503
MinimumVisualStudioVersion = 10.0.40219.1
Project("{FAE04EC0-301F-11D3-BF4B-00C04F79EFBC}") = "WinFormsApp1", "WinFormsApp1.csproj", "{1841A30A-A5B1-4F24-B753-966DDF08BCB1}"
EndProject
Global
	GlobalSection(SolutionConfigurationPlatforms) = preSolution
		Debug|Any CPU = Debug|Any CPU
		Release|Any CPU = Release|Any CPU
	EndGlobalSection
	GlobalSection(ProjectConfigurationPlatforms) = postSolution
		{1841A30A-A5B1-4F24-B753-966DDF08BCB1}.Debug|Any CPU.ActiveCfg = Debug|Any CPU
		{1841A30A-A5B1-4F24-B753-966DDF08BCB1}.Debug|Any CPU.Build.0 = Debug|Any CPU
		{1841A30A-A5B1-4F24-B753-966DDF08BCB1}.Release|Any CPU.ActiveCfg = Release|Any CPU
		{1841A30A-A5B1-4F24-B753-966DDF08BCB1}.Release|Any CPU.Build.0 = Release|Any CPU
	EndGlobalSection
	GlobalSection(SolutionProperties) = preSolution
		HideSolutionNode = FALSE
	EndGlobalSection
	GlobalSection(ExtensibilityGlobals) = postSolution
		SolutionGuid = {680C838A-72B3-4606-90D9-607D142B00B8}
	EndGlobalSection
EndGlobal
